
Microsoft Visual Studio Solution File, Format Version 12.00
# Visual Studio Version 16
VisualStudioVersion = 16.0.30114.105
MinimumVisualStudioVersion = 10.0.40219.1
Project("{FAE04EC0-301F-11D3-BF4B-00C04F79EFBC}") = "API", "API\API.csproj", "{B67FC7AB-2EEC-4A31-B995-3EB996C829B0}"
EndProject
Project("{FAE04EC0-301F-11D3-BF4B-00C04F79EFBC}") = "Core", "Core\Core.csproj", "{5E8048D2-30D8-4986-AD7A-57E6A3E3EB8D}"
EndProject
Project("{FAE04EC0-301F-11D3-BF4B-00C04F79EFBC}") = "Infrastructure", "Infrastructure\Infrastructure.csproj", "{2EB73E79-174A-4762-AA8A-4253EA02D277}"
EndProject
Global
	GlobalSection(SolutionConfigurationPlatforms) = preSolution
		Debug|Any CPU = Debug|Any CPU
		Debug|x64 = Debug|x64
		Debug|x86 = Debug|x86
		Release|Any CPU = Release|Any CPU
		Release|x64 = Release|x64
		Release|x86 = Release|x86
	EndGlobalSection
	GlobalSection(SolutionProperties) = preSolution
		HideSolutionNode = FALSE
	EndGlobalSection
	GlobalSection(ProjectConfigurationPlatforms) = postSolution
		{B67FC7AB-2EEC-4A31-B995-3EB996C829B0}.Debug|Any CPU.ActiveCfg = Debug|Any CPU
		{B67FC7AB-2EEC-4A31-B995-3EB996C829B0}.Debug|Any CPU.Build.0 = Debug|Any CPU
		{B67FC7AB-2EEC-4A31-B995-3EB996C829B0}.Debug|x64.ActiveCfg = Debug|Any CPU
		{B67FC7AB-2EEC-4A31-B995-3EB996C829B0}.Debug|x64.Build.0 = Debug|Any CPU
		{B67FC7AB-2EEC-4A31-B995-3EB996C829B0}.Debug|x86.ActiveCfg = Debug|Any CPU
		{B67FC7AB-2EEC-4A31-B995-3EB996C829B0}.Debug|x86.Build.0 = Debug|Any CPU
		{B67FC7AB-2EEC-4A31-B995-3EB996C829B0}.Release|Any CPU.ActiveCfg = Release|Any CPU
		{B67FC7AB-2EEC-4A31-B995-3EB996C829B0}.Release|Any CPU.Build.0 = Release|Any CPU
		{B67FC7AB-2EEC-4A31-B995-3EB996C829B0}.Release|x64.ActiveCfg = Release|Any CPU
		{B67FC7AB-2EEC-4A31-B995-3EB996C829B0}.Release|x64.Build.0 = Release|Any CPU
		{B67FC7AB-2EEC-4A31-B995-3EB996C829B0}.Release|x86.ActiveCfg = Release|Any CPU
		{B67FC7AB-2EEC-4A31-B995-3EB996C829B0}.Release|x86.Build.0 = Release|Any CPU
		{5E8048D2-30D8-4986-AD7A-57E6A3E3EB8D}.Debug|Any CPU.ActiveCfg = Debug|Any CPU
		{5E8048D2-30D8-4986-AD7A-57E6A3E3EB8D}.Debug|Any CPU.Build.0 = Debug|Any CPU
		{5E8048D2-30D8-4986-AD7A-57E6A3E3EB8D}.Debug|x64.ActiveCfg = Debug|Any CPU
		{5E8048D2-30D8-4986-AD7A-57E6A3E3EB8D}.Debug|x64.Build.0 = Debug|Any CPU
		{5E8048D2-30D8-4986-AD7A-57E6A3E3EB8D}.Debug|x86.ActiveCfg = Debug|Any CPU
		{5E8048D2-30D8-4986-AD7A-57E6A3E3EB8D}.Debug|x86.Build.0 = Debug|Any CPU
		{5E8048D2-30D8-4986-AD7A-57E6A3E3EB8D}.Release|Any CPU.ActiveCfg = Release|Any CPU
		{5E8048D2-30D8-4986-AD7A-57E6A3E3EB8D}.Release|Any CPU.Build.0 = Release|Any CPU
		{5E8048D2-30D8-4986-AD7A-57E6A3E3EB8D}.Release|x64.ActiveCfg = Release|Any CPU
		{5E8048D2-30D8-4986-AD7A-57E6A3E3EB8D}.Release|x64.Build.0 = Release|Any CPU
		{5E8048D2-30D8-4986-AD7A-57E6A3E3EB8D}.Release|x86.ActiveCfg = Release|Any CPU
		{5E8048D2-30D8-4986-AD7A-57E6A3E3EB8D}.Release|x86.Build.0 = Release|Any CPU
		{2EB73E79-174A-4762-AA8A-4253EA02D277}.Debug|Any CPU.ActiveCfg = Debug|Any CPU
		{2EB73E79-174A-4762-AA8A-4253EA02D277}.Debug|Any CPU.Build.0 = Debug|Any CPU
		{2EB73E79-174A-4762-AA8A-4253EA02D277}.Debug|x64.ActiveCfg = Debug|Any CPU
		{2EB73E79-174A-4762-AA8A-4253EA02D277}.Debug|x64.Build.0 = Debug|Any CPU
		{2EB73E79-174A-4762-AA8A-4253EA02D277}.Debug|x86.ActiveCfg = Debug|Any CPU
		{2EB73E79-174A-4762-AA8A-4253EA02D277}.Debug|x86.Build.0 = Debug|Any CPU
		{2EB73E79-174A-4762-AA8A-4253EA02D277}.Release|Any CPU.ActiveCfg = Release|Any CPU
		{2EB73E79-174A-4762-AA8A-4253EA02D277}.Release|Any CPU.Build.0 = Release|Any CPU
		{2EB73E79-174A-4762-AA8A-4253EA02D277}.Release|x64.ActiveCfg = Release|Any CPU
		{2EB73E79-174A-4762-AA8A-4253EA02D277}.Release|x64.Build.0 = Release|Any CPU
		{2EB73E79-174A-4762-AA8A-4253EA02D277}.Release|x86.ActiveCfg = Release|Any CPU
		{2EB73E79-174A-4762-AA8A-4253EA02D277}.Release|x86.Build.0 = Release|Any CPU
	EndGlobalSection
EndGlobal
